// !$*UTF8*$!
{
	archiveVersion = 1;
	classes = {
	};
	objectVersion = 56;
	objects = {

/* Begin PBXBuildFile section */
		F6AF29A72AF5A6940025DAE7 /* HabitApp.swift in Sources */ = {isa = PBXBuildFile; fileRef = F6AF29A62AF5A6940025DAE7 /* HabitApp.swift */; };
		F6AF29AB2AF5A6960025DAE7 /* Assets.xcassets in Resources */ = {isa = PBXBuildFile; fileRef = F6AF29AA2AF5A6960025DAE7 /* Assets.xcassets */; };
		F6AF29AE2AF5A6960025DAE7 /* Preview Assets.xcassets in Resources */ = {isa = PBXBuildFile; fileRef = F6AF29AD2AF5A6960025DAE7 /* Preview Assets.xcassets */; };
		F6AF29B92AF5A9980025DAE7 /* SplashView.swift in Sources */ = {isa = PBXBuildFile; fileRef = F6AF29B82AF5A9980025DAE7 /* SplashView.swift */; };
		F6AF29BB2AF5AA4B0025DAE7 /* SplashUiState.swift in Sources */ = {isa = PBXBuildFile; fileRef = F6AF29BA2AF5AA4B0025DAE7 /* SplashUiState.swift */; };
		F6F7F87A2AFA6F2A007A81D5 /* SplashViewModel.swift in Sources */ = {isa = PBXBuildFile; fileRef = F6F7F8792AFA6F2A007A81D5 /* SplashViewModel.swift */; };
		F6F7F8802AFA7C8E007A81D5 /* SignInView.swift in Sources */ = {isa = PBXBuildFile; fileRef = F6F7F87F2AFA7C8E007A81D5 /* SignInView.swift */; };
		F6F7F8822AFA7CCA007A81D5 /* SignInViewModel.swift in Sources */ = {isa = PBXBuildFile; fileRef = F6F7F8812AFA7CCA007A81D5 /* SignInViewModel.swift */; };
		F6F7F8842AFA7D9B007A81D5 /* SplashViewRouter.swift in Sources */ = {isa = PBXBuildFile; fileRef = F6F7F8832AFA7D9B007A81D5 /* SplashViewRouter.swift */; };
		F6F7F8862AFA8AA2007A81D5 /* SignInUiState.swift in Sources */ = {isa = PBXBuildFile; fileRef = F6F7F8852AFA8AA2007A81D5 /* SignInUiState.swift */; };
		F6F7F8882AFA8E51007A81D5 /* SignInViewRouter.swift in Sources */ = {isa = PBXBuildFile; fileRef = F6F7F8872AFA8E51007A81D5 /* SignInViewRouter.swift */; };
		F6F7F88E2AFA8EB2007A81D5 /* HomeView.swift in Sources */ = {isa = PBXBuildFile; fileRef = F6F7F88D2AFA8EB2007A81D5 /* HomeView.swift */; };
		F6F7F8902AFA8EC5007A81D5 /* HomeViewModel.swift in Sources */ = {isa = PBXBuildFile; fileRef = F6F7F88F2AFA8EC5007A81D5 /* HomeViewModel.swift */; };
/* End PBXBuildFile section */

/* Begin PBXFileReference section */
		F6AF29A32AF5A6940025DAE7 /* Habit.app */ = {isa = PBXFileReference; explicitFileType = wrapper.application; includeInIndex = 0; path = Habit.app; sourceTree = BUILT_PRODUCTS_DIR; };
		F6AF29A62AF5A6940025DAE7 /* HabitApp.swift */ = {isa = PBXFileReference; lastKnownFileType = sourcecode.swift; path = HabitApp.swift; sourceTree = "<group>"; };
		F6AF29AA2AF5A6960025DAE7 /* Assets.xcassets */ = {isa = PBXFileReference; lastKnownFileType = folder.assetcatalog; path = Assets.xcassets; sourceTree = "<group>"; };
		F6AF29AD2AF5A6960025DAE7 /* Preview Assets.xcassets */ = {isa = PBXFileReference; lastKnownFileType = folder.assetcatalog; path = "Preview Assets.xcassets"; sourceTree = "<group>"; };
		F6AF29B82AF5A9980025DAE7 /* SplashView.swift */ = {isa = PBXFileReference; lastKnownFileType = sourcecode.swift; path = SplashView.swift; sourceTree = "<group>"; };
		F6AF29BA2AF5AA4B0025DAE7 /* SplashUiState.swift */ = {isa = PBXFileReference; lastKnownFileType = sourcecode.swift; path = SplashUiState.swift; sourceTree = "<group>"; };
		F6F7F8792AFA6F2A007A81D5 /* SplashViewModel.swift */ = {isa = PBXFileReference; lastKnownFileType = sourcecode.swift; path = SplashViewModel.swift; sourceTree = "<group>"; };
		F6F7F87F2AFA7C8E007A81D5 /* SignInView.swift */ = {isa = PBXFileReference; lastKnownFileType = sourcecode.swift; path = SignInView.swift; sourceTree = "<group>"; };
		F6F7F8812AFA7CCA007A81D5 /* SignInViewModel.swift */ = {isa = PBXFileReference; lastKnownFileType = sourcecode.swift; path = SignInViewModel.swift; sourceTree = "<group>"; };
		F6F7F8832AFA7D9B007A81D5 /* SplashViewRouter.swift */ = {isa = PBXFileReference; lastKnownFileType = sourcecode.swift; path = SplashViewRouter.swift; sourceTree = "<group>"; };
		F6F7F8852AFA8AA2007A81D5 /* SignInUiState.swift */ = {isa = PBXFileReference; lastKnownFileType = sourcecode.swift; path = SignInUiState.swift; sourceTree = "<group>"; };
		F6F7F8872AFA8E51007A81D5 /* SignInViewRouter.swift */ = {isa = PBXFileReference; lastKnownFileType = sourcecode.swift; path = SignInViewRouter.swift; sourceTree = "<group>"; };
		F6F7F88D2AFA8EB2007A81D5 /* HomeView.swift */ = {isa = PBXFileReference; lastKnownFileType = sourcecode.swift; path = HomeView.swift; sourceTree = "<group>"; };
		F6F7F88F2AFA8EC5007A81D5 /* HomeViewModel.swift */ = {isa = PBXFileReference; lastKnownFileType = sourcecode.swift; path = HomeViewModel.swift; sourceTree = "<group>"; };
/* End PBXFileReference section */

/* Begin PBXFrameworksBuildPhase section */
		F6AF29A02AF5A6940025DAE7 /* Frameworks */ = {
			isa = PBXFrameworksBuildPhase;
			buildActionMask = 2147483647;
			files = (
			);
			runOnlyForDeploymentPostprocessing = 0;
		};
/* End PBXFrameworksBuildPhase section */

/* Begin PBXGroup section */
		F6AF299A2AF5A6940025DAE7 = {
			isa = PBXGroup;
			children = (
				F6AF29A52AF5A6940025DAE7 /* Habit */,
				F6AF29A42AF5A6940025DAE7 /* Products */,
			);
			sourceTree = "<group>";
		};
		F6AF29A42AF5A6940025DAE7 /* Products */ = {
			isa = PBXGroup;
			children = (
				F6AF29A32AF5A6940025DAE7 /* Habit.app */,
			);
			name = Products;
			sourceTree = "<group>";
		};
		F6AF29A52AF5A6940025DAE7 /* Habit */ = {
			isa = PBXGroup;
			children = (
				F6F7F8892AFA8E80007A81D5 /* Home */,
				F6F7F87B2AFA7C48007A81D5 /* SignIn */,
				F6AF29B42AF5A6DB0025DAE7 /* Splash */,
				F6AF29A62AF5A6940025DAE7 /* HabitApp.swift */,
				F6AF29AA2AF5A6960025DAE7 /* Assets.xcassets */,
				F6AF29AC2AF5A6960025DAE7 /* Preview Content */,
			);
			path = Habit;
			sourceTree = "<group>";
		};
		F6AF29AC2AF5A6960025DAE7 /* Preview Content */ = {
			isa = PBXGroup;
			children = (
				F6AF29AD2AF5A6960025DAE7 /* Preview Assets.xcassets */,
			);
			path = "Preview Content";
			sourceTree = "<group>";
		};
		F6AF29B42AF5A6DB0025DAE7 /* Splash */ = {
			isa = PBXGroup;
			children = (
				F6F7F8782AFA6EB6007A81D5 /* ViewModel */,
				F6AF29B72AF5A96A0025DAE7 /* Model */,
				F6AF29B52AF5A6E30025DAE7 /* View */,
			);
			path = Splash;
			sourceTree = "<group>";
		};
		F6AF29B52AF5A6E30025DAE7 /* View */ = {
			isa = PBXGroup;
			children = (
				F6AF29B82AF5A9980025DAE7 /* SplashView.swift */,
			);
			path = View;
			sourceTree = "<group>";
		};
		F6AF29B72AF5A96A0025DAE7 /* Model */ = {
			isa = PBXGroup;
			children = (
				F6AF29BA2AF5AA4B0025DAE7 /* SplashUiState.swift */,
			);
			path = Model;
			sourceTree = "<group>";
		};
		F6F7F8782AFA6EB6007A81D5 /* ViewModel */ = {
			isa = PBXGroup;
			children = (
				F6F7F8792AFA6F2A007A81D5 /* SplashViewModel.swift */,
				F6F7F8832AFA7D9B007A81D5 /* SplashViewRouter.swift */,
			);
			path = ViewModel;
			sourceTree = "<group>";
		};
		F6F7F87B2AFA7C48007A81D5 /* SignIn */ = {
			isa = PBXGroup;
			children = (
				F6F7F87E2AFA7C5E007A81D5 /* View */,
				F6F7F87D2AFA7C54007A81D5 /* Model */,
				F6F7F87C2AFA7C4E007A81D5 /* ViewModel */,
			);
			path = SignIn;
			sourceTree = "<group>";
		};
		F6F7F87C2AFA7C4E007A81D5 /* ViewModel */ = {
			isa = PBXGroup;
			children = (
				F6F7F8812AFA7CCA007A81D5 /* SignInViewModel.swift */,
				F6F7F8872AFA8E51007A81D5 /* SignInViewRouter.swift */,
			);
			path = ViewModel;
			sourceTree = "<group>";
		};
		F6F7F87D2AFA7C54007A81D5 /* Model */ = {
			isa = PBXGroup;
			children = (
				F6F7F8852AFA8AA2007A81D5 /* SignInUiState.swift */,
			);
			path = Model;
			sourceTree = "<group>";
		};
		F6F7F87E2AFA7C5E007A81D5 /* View */ = {
			isa = PBXGroup;
			children = (
				F6F7F87F2AFA7C8E007A81D5 /* SignInView.swift */,
			);
			path = View;
			sourceTree = "<group>";
		};
		F6F7F8892AFA8E80007A81D5 /* Home */ = {
			isa = PBXGroup;
			children = (
				F6F7F88C2AFA8E9A007A81D5 /* ViewModel */,
				F6F7F88B2AFA8E93007A81D5 /* View */,
				F6F7F88A2AFA8E8A007A81D5 /* Model */,
			);
			path = Home;
			sourceTree = "<group>";
		};
		F6F7F88A2AFA8E8A007A81D5 /* Model */ = {
			isa = PBXGroup;
			children = (
			);
			path = Model;
			sourceTree = "<group>";
		};
		F6F7F88B2AFA8E93007A81D5 /* View */ = {
			isa = PBXGroup;
			children = (
				F6F7F88D2AFA8EB2007A81D5 /* HomeView.swift */,
			);
			path = View;
			sourceTree = "<group>";
		};
		F6F7F88C2AFA8E9A007A81D5 /* ViewModel */ = {
			isa = PBXGroup;
			children = (
				F6F7F88F2AFA8EC5007A81D5 /* HomeViewModel.swift */,
			);
			path = ViewModel;
			sourceTree = "<group>";
		};
/* End PBXGroup section */

/* Begin PBXNativeTarget section */
		F6AF29A22AF5A6940025DAE7 /* Habit */ = {
			isa = PBXNativeTarget;
			buildConfigurationList = F6AF29B12AF5A6960025DAE7 /* Build configuration list for PBXNativeTarget "Habit" */;
			buildPhases = (
				F6AF299F2AF5A6940025DAE7 /* Sources */,
				F6AF29A02AF5A6940025DAE7 /* Frameworks */,
				F6AF29A12AF5A6940025DAE7 /* Resources */,
			);
			buildRules = (
			);
			dependencies = (
			);
			name = Habit;
			productName = Habit;
			productReference = F6AF29A32AF5A6940025DAE7 /* Habit.app */;
			productType = "com.apple.product-type.application";
		};
/* End PBXNativeTarget section */

/* Begin PBXProject section */
		F6AF299B2AF5A6940025DAE7 /* Project object */ = {
			isa = PBXProject;
			attributes = {
				BuildIndependentTargetsInParallel = 1;
				LastSwiftUpdateCheck = 1500;
				LastUpgradeCheck = 1500;
				TargetAttributes = {
					F6AF29A22AF5A6940025DAE7 = {
						CreatedOnToolsVersion = 15.0.1;
					};
				};
			};
			buildConfigurationList = F6AF299E2AF5A6940025DAE7 /* Build configuration list for PBXProject "Habit" */;
			compatibilityVersion = "Xcode 14.0";
			developmentRegion = en;
			hasScannedForEncodings = 0;
			knownRegions = (
				en,
				Base,
			);
			mainGroup = F6AF299A2AF5A6940025DAE7;
			productRefGroup = F6AF29A42AF5A6940025DAE7 /* Products */;
			projectDirPath = "";
			projectRoot = "";
			targets = (
				F6AF29A22AF5A6940025DAE7 /* Habit */,
			);
		};
/* End PBXProject section */

/* Begin PBXResourcesBuildPhase section */
		F6AF29A12AF5A6940025DAE7 /* Resources */ = {
			isa = PBXResourcesBuildPhase;
			buildActionMask = 2147483647;
			files = (
				F6AF29AE2AF5A6960025DAE7 /* Preview Assets.xcassets in Resources */,
				F6AF29AB2AF5A6960025DAE7 /* Assets.xcassets in Resources */,
			);
			runOnlyForDeploymentPostprocessing = 0;
		};
/* End PBXResourcesBuildPhase section */

/* Begin PBXSourcesBuildPhase section */
		F6AF299F2AF5A6940025DAE7 /* Sources */ = {
			isa = PBXSourcesBuildPhase;
			buildActionMask = 2147483647;
			files = (
				F6AF29A72AF5A6940025DAE7 /* HabitApp.swift in Sources */,
				F6F7F8902AFA8EC5007A81D5 /* HomeViewModel.swift in Sources */,
				F6AF29B92AF5A9980025DAE7 /* SplashView.swift in Sources */,
				F6F7F8822AFA7CCA007A81D5 /* SignInViewModel.swift in Sources */,
				F6F7F88E2AFA8EB2007A81D5 /* HomeView.swift in Sources */,
				F6F7F8882AFA8E51007A81D5 /* SignInViewRouter.swift in Sources */,
				F6F7F87A2AFA6F2A007A81D5 /* SplashViewModel.swift in Sources */,
				F6AF29BB2AF5AA4B0025DAE7 /* SplashUiState.swift in Sources */,
				F6F7F8862AFA8AA2007A81D5 /* SignInUiState.swift in Sources */,
				F6F7F8842AFA7D9B007A81D5 /* SplashViewRouter.swift in Sources */,
				F6F7F8802AFA7C8E007A81D5 /* SignInView.swift in Sources */,
			);
			runOnlyForDeploymentPostprocessing = 0;
		};
/* End PBXSourcesBuildPhase section */

/* Begin XCBuildConfiguration section */
		F6AF29AF2AF5A6960025DAE7 /* Debug */ = {
			isa = XCBuildConfiguration;
			buildSettings = {
				ALWAYS_SEARCH_USER_PATHS = NO;
				ASSETCATALOG_COMPILER_GENERATE_SWIFT_ASSET_SYMBOL_EXTENSIONS = YES;
				CLANG_ANALYZER_NONNULL = YES;
				CLANG_ANALYZER_NUMBER_OBJECT_CONVERSION = YES_AGGRESSIVE;
				CLANG_CXX_LANGUAGE_STANDARD = "gnu++20";
				CLANG_ENABLE_MODULES = YES;
				CLANG_ENABLE_OBJC_ARC = YES;
				CLANG_ENABLE_OBJC_WEAK = YES;
				CLANG_WARN_BLOCK_CAPTURE_AUTORELEASING = YES;
				CLANG_WARN_BOOL_CONVERSION = YES;
				CLANG_WARN_COMMA = YES;
				CLANG_WARN_CONSTANT_CONVERSION = YES;
				CLANG_WARN_DEPRECATED_OBJC_IMPLEMENTATIONS = YES;
				CLANG_WARN_DIRECT_OBJC_ISA_USAGE = YES_ERROR;
				CLANG_WARN_DOCUMENTATION_COMMENTS = YES;
				CLANG_WARN_EMPTY_BODY = YES;
				CLANG_WARN_ENUM_CONVERSION = YES;
				CLANG_WARN_INFINITE_RECURSION = YES;
				CLANG_WARN_INT_CONVERSION = YES;
				CLANG_WARN_NON_LITERAL_NULL_CONVERSION = YES;
				CLANG_WARN_OBJC_IMPLICIT_RETAIN_SELF = YES;
				CLANG_WARN_OBJC_LITERAL_CONVERSION = YES;
				CLANG_WARN_OBJC_ROOT_CLASS = YES_ERROR;
				CLANG_WARN_QUOTED_INCLUDE_IN_FRAMEWORK_HEADER = YES;
				CLANG_WARN_RANGE_LOOP_ANALYSIS = YES;
				CLANG_WARN_STRICT_PROTOTYPES = YES;
				CLANG_WARN_SUSPICIOUS_MOVE = YES;
				CLANG_WARN_UNGUARDED_AVAILABILITY = YES_AGGRESSIVE;
				CLANG_WARN_UNREACHABLE_CODE = YES;
				CLANG_WARN__DUPLICATE_METHOD_MATCH = YES;
				COPY_PHASE_STRIP = NO;
				DEBUG_INFORMATION_FORMAT = dwarf;
				ENABLE_STRICT_OBJC_MSGSEND = YES;
				ENABLE_TESTABILITY = YES;
				ENABLE_USER_SCRIPT_SANDBOXING = YES;
				GCC_C_LANGUAGE_STANDARD = gnu17;
				GCC_DYNAMIC_NO_PIC = NO;
				GCC_NO_COMMON_BLOCKS = YES;
				GCC_OPTIMIZATION_LEVEL = 0;
				GCC_PREPROCESSOR_DEFINITIONS = (
					"DEBUG=1",
					"$(inherited)",
				);
				GCC_WARN_64_TO_32_BIT_CONVERSION = YES;
				GCC_WARN_ABOUT_RETURN_TYPE = YES_ERROR;
				GCC_WARN_UNDECLARED_SELECTOR = YES;
				GCC_WARN_UNINITIALIZED_AUTOS = YES_AGGRESSIVE;
				GCC_WARN_UNUSED_FUNCTION = YES;
				GCC_WARN_UNUSED_VARIABLE = YES;
				IPHONEOS_DEPLOYMENT_TARGET = 17.0;
				LOCALIZATION_PREFERS_STRING_CATALOGS = YES;
				MTL_ENABLE_DEBUG_INFO = INCLUDE_SOURCE;
				MTL_FAST_MATH = YES;
				ONLY_ACTIVE_ARCH = YES;
				SDKROOT = iphoneos;
				SWIFT_ACTIVE_COMPILATION_CONDITIONS = "DEBUG $(inherited)";
				SWIFT_OPTIMIZATION_LEVEL = "-Onone";
			};
			name = Debug;
		};
		F6AF29B02AF5A6960025DAE7 /* Release */ = {
			isa = XCBuildConfiguration;
			buildSettings = {
				ALWAYS_SEARCH_USER_PATHS = NO;
				ASSETCATALOG_COMPILER_GENERATE_SWIFT_ASSET_SYMBOL_EXTENSIONS = YES;
				CLANG_ANALYZER_NONNULL = YES;
				CLANG_ANALYZER_NUMBER_OBJECT_CONVERSION = YES_AGGRESSIVE;
				CLANG_CXX_LANGUAGE_STANDARD = "gnu++20";
				CLANG_ENABLE_MODULES = YES;
				CLANG_ENABLE_OBJC_ARC = YES;
				CLANG_ENABLE_OBJC_WEAK = YES;
				CLANG_WARN_BLOCK_CAPTURE_AUTORELEASING = YES;
				CLANG_WARN_BOOL_CONVERSION = YES;
				CLANG_WARN_COMMA = YES;
				CLANG_WARN_CONSTANT_CONVERSION = YES;
				CLANG_WARN_DEPRECATED_OBJC_IMPLEMENTATIONS = YES;
				CLANG_WARN_DIRECT_OBJC_ISA_USAGE = YES_ERROR;
				CLANG_WARN_DOCUMENTATION_COMMENTS = YES;
				CLANG_WARN_EMPTY_BODY = YES;
				CLANG_WARN_ENUM_CONVERSION = YES;
				CLANG_WARN_INFINITE_RECURSION = YES;
				CLANG_WARN_INT_CONVERSION = YES;
				CLANG_WARN_NON_LITERAL_NULL_CONVERSION = YES;
				CLANG_WARN_OBJC_IMPLICIT_RETAIN_SELF = YES;
				CLANG_WARN_OBJC_LITERAL_CONVERSION = YES;
				CLANG_WARN_OBJC_ROOT_CLASS = YES_ERROR;
				CLANG_WARN_QUOTED_INCLUDE_IN_FRAMEWORK_HEADER = YES;
				CLANG_WARN_RANGE_LOOP_ANALYSIS = YES;
				CLANG_WARN_STRICT_PROTOTYPES = YES;
				CLANG_WARN_SUSPICIOUS_MOVE = YES;
				CLANG_WARN_UNGUARDED_AVAILABILITY = YES_AGGRESSIVE;
				CLANG_WARN_UNREACHABLE_CODE = YES;
				CLANG_WARN__DUPLICATE_METHOD_MATCH = YES;
				COPY_PHASE_STRIP = NO;
				DEBUG_INFORMATION_FORMAT = "dwarf-with-dsym";
				ENABLE_NS_ASSERTIONS = NO;
				ENABLE_STRICT_OBJC_MSGSEND = YES;
				ENABLE_USER_SCRIPT_SANDBOXING = YES;
				GCC_C_LANGUAGE_STANDARD = gnu17;
				GCC_NO_COMMON_BLOCKS = YES;
				GCC_WARN_64_TO_32_BIT_CONVERSION = YES;
				GCC_WARN_ABOUT_RETURN_TYPE = YES_ERROR;
				GCC_WARN_UNDECLARED_SELECTOR = YES;
				GCC_WARN_UNINITIALIZED_AUTOS = YES_AGGRESSIVE;
				GCC_WARN_UNUSED_FUNCTION = YES;
				GCC_WARN_UNUSED_VARIABLE = YES;
				IPHONEOS_DEPLOYMENT_TARGET = 17.0;
				LOCALIZATION_PREFERS_STRING_CATALOGS = YES;
				MTL_ENABLE_DEBUG_INFO = NO;
				MTL_FAST_MATH = YES;
				SDKROOT = iphoneos;
				SWIFT_COMPILATION_MODE = wholemodule;
				VALIDATE_PRODUCT = YES;
			};
			name = Release;
		};
		F6AF29B22AF5A6960025DAE7 /* Debug */ = {
			isa = XCBuildConfiguration;
			buildSettings = {
				ASSETCATALOG_COMPILER_APPICON_NAME = AppIcon;
				ASSETCATALOG_COMPILER_GLOBAL_ACCENT_COLOR_NAME = AccentColor;
				CODE_SIGN_STYLE = Automatic;
				CURRENT_PROJECT_VERSION = 1;
				DEVELOPMENT_ASSET_PATHS = "\"Habit/Preview Content\"";
				ENABLE_PREVIEWS = YES;
				GENERATE_INFOPLIST_FILE = YES;
				INFOPLIST_KEY_UIApplicationSceneManifest_Generation = YES;
				INFOPLIST_KEY_UIApplicationSupportsIndirectInputEvents = YES;
				INFOPLIST_KEY_UILaunchScreen_Generation = YES;
				INFOPLIST_KEY_UISupportedInterfaceOrientations_iPad = "UIInterfaceOrientationPortrait UIInterfaceOrientationPortraitUpsideDown UIInterfaceOrientationLandscapeLeft UIInterfaceOrientationLandscapeRight";
				INFOPLIST_KEY_UISupportedInterfaceOrientations_iPhone = "UIInterfaceOrientationPortrait UIInterfaceOrientationLandscapeLeft UIInterfaceOrientationLandscapeRight";
				IPHONEOS_DEPLOYMENT_TARGET = 14.0;
				LD_RUNPATH_SEARCH_PATHS = (
					"$(inherited)",
					"@executable_path/Frameworks",
				);
				MARKETING_VERSION = 1.0;
				PRODUCT_BUNDLE_IDENTIFIER = ilton.Habit;
				PRODUCT_NAME = "$(TARGET_NAME)";
				SWIFT_EMIT_LOC_STRINGS = YES;
				SWIFT_VERSION = 5.0;
				TARGETED_DEVICE_FAMILY = "1,2";
			};
			name = Debug;
		};
		F6AF29B32AF5A6960025DAE7 /* Release */ = {
			isa = XCBuildConfiguration;
			buildSettings = {
				ASSETCATALOG_COMPILER_APPICON_NAME = AppIcon;
				ASSETCATALOG_COMPILER_GLOBAL_ACCENT_COLOR_NAME = AccentColor;
				CODE_SIGN_STYLE = Automatic;
				CURRENT_PROJECT_VERSION = 1;
				DEVELOPMENT_ASSET_PATHS = "\"Habit/Preview Content\"";
				ENABLE_PREVIEWS = YES;
				GENERATE_INFOPLIST_FILE = YES;
				INFOPLIST_KEY_UIApplicationSceneManifest_Generation = YES;
				INFOPLIST_KEY_UIApplicationSupportsIndirectInputEvents = YES;
				INFOPLIST_KEY_UILaunchScreen_Generation = YES;
				INFOPLIST_KEY_UISupportedInterfaceOrientations_iPad = "UIInterfaceOrientationPortrait UIInterfaceOrientationPortraitUpsideDown UIInterfaceOrientationLandscapeLeft UIInterfaceOrientationLandscapeRight";
				INFOPLIST_KEY_UISupportedInterfaceOrientations_iPhone = "UIInterfaceOrientationPortrait UIInterfaceOrientationLandscapeLeft UIInterfaceOrientationLandscapeRight";
				IPHONEOS_DEPLOYMENT_TARGET = 14.0;
				LD_RUNPATH_SEARCH_PATHS = (
					"$(inherited)",
					"@executable_path/Frameworks",
				);
				MARKETING_VERSION = 1.0;
				PRODUCT_BUNDLE_IDENTIFIER = ilton.Habit;
				PRODUCT_NAME = "$(TARGET_NAME)";
				SWIFT_EMIT_LOC_STRINGS = YES;
				SWIFT_VERSION = 5.0;
				TARGETED_DEVICE_FAMILY = "1,2";
			};
			name = Release;
		};
/* End XCBuildConfiguration section */

/* Begin XCConfigurationList section */
		F6AF299E2AF5A6940025DAE7 /* Build configuration list for PBXProject "Habit" */ = {
			isa = XCConfigurationList;
			buildConfigurations = (
				F6AF29AF2AF5A6960025DAE7 /* Debug */,
				F6AF29B02AF5A6960025DAE7 /* Release */,
			);
			defaultConfigurationIsVisible = 0;
			defaultConfigurationName = Release;
		};
		F6AF29B12AF5A6960025DAE7 /* Build configuration list for PBXNativeTarget "Habit" */ = {
			isa = XCConfigurationList;
			buildConfigurations = (
				F6AF29B22AF5A6960025DAE7 /* Debug */,
				F6AF29B32AF5A6960025DAE7 /* Release */,
			);
			defaultConfigurationIsVisible = 0;
			defaultConfigurationName = Release;
		};
/* End XCConfigurationList section */
	};
	rootObject = F6AF299B2AF5A6940025DAE7 /* Project object */;
}
